<?xml version="1.0" encoding="utf-8"?>
<Project ToolsVersion="4.0" xmlns="http://schemas.microsoft.com/developer/msbuild/2003">
  <ItemGroup>
    <Filter Include="Source Files">
      <UniqueIdentifier>{4FC737F1-C7A5-4376-A066-2A32D752A2FF}</UniqueIdentifier>
      <Extensions>cpp;c;cc;cxx;def;odl;idl;hpj;bat;asm;asmx</Extensions>
    </Filter>
    <Filter Include="Header Files">
      <UniqueIdentifier>{93995380-89BD-4b04-88EB-625FBE52EBFB}</UniqueIdentifier>
      <Extensions>h;hh;hpp;hxx;hm;inl;inc;xsd</Extensions>
    </Filter>
    <Filter Include="Resource Files">
      <UniqueIdentifier>{67DA6AB6-F800-4c08-8B7A-83BB121AAD01}</UniqueIdentifier>
      <Extensions>rc;ico;cur;bmp;dlg;rc2;rct;bin;rgs;gif;jpg;jpeg;jpe;resx;tiff;tif;png;wav;mfcribbon-ms</Extensions>
    </Filter>
    <Filter Include="Header Files\GameLogic">
      <UniqueIdentifier>{84b47269-099b-45b4-8830-cf6e6f8e04a7}</UniqueIdentifier>
    </Filter>
    <Filter Include="Source Files\GameLogic">
      <UniqueIdentifier>{8d5905e7-84d4-4709-b778-22f6dfaf1e11}</UniqueIdentifier>
    </Filter>
    <Filter Include="Source Files\Title">
      <UniqueIdentifier>{2e4412f4-fb6c-4e2b-920a-5c57c6a37fc6}</UniqueIdentifier>
    </Filter>
    <Filter Include="Header Files\Title">
      <UniqueIdentifier>{3fab958f-7911-4656-80c3-2b3083ccda30}</UniqueIdentifier>
    </Filter>
  </ItemGroup>
  <ItemGroup>
    <ClCompile Include="src\main.cpp">
      <Filter>Source Files</Filter>
    </ClCompile>
    <ClCompile Include="src\Game.cpp">
      <Filter>Source Files</Filter>
    </ClCompile>
    <ClCompile Include="src\Title.cpp">
      <Filter>Source Files</Filter>
    </ClCompile>
    <ClCompile Include="src\Game_Screen.cpp">
      <Filter>Source Files</Filter>
    </ClCompile>
    <ClCompile Include="src\Button.cpp">
      <Filter>Source Files\Title</Filter>
    </ClCompile>
    <ClCompile Include="src\Text.cpp">
      <Filter>Source Files\Title</Filter>
    </ClCompile>
  </ItemGroup>
  <ItemGroup>
    <None Include="Modules.htm" />
  </ItemGroup>
  <ItemGroup>
    <ClInclude Include="include\Game.h">
      <Filter>Header Files</Filter>
    </ClInclude>
    <ClInclude Include="include\gl_include.h">
      <Filter>Header Files</Filter>
    </ClInclude>
    <ClInclude Include="include\Title.h">
      <Filter>Header Files</Filter>
    </ClInclude>
    <ClInclude Include="include\Game_Screen.h">
      <Filter>Header Files</Filter>
    </ClInclude>
    <ClInclude Include="include\Button.h">
      <Filter>Header Files\Title</Filter>
    </ClInclude>
    <ClInclude Include="include\Text.h">
      <Filter>Header Files\Title</Filter>
    </ClInclude>
  </ItemGroup>
</Project>